{
  "name": "contracts",
  "version": "1.0.0",
  "lockfileVersion": 3,
  "requires": true,
  "packages": {
    "": {
      "name": "contracts",
      "version": "1.0.0",
      "license": "ISC",
      "dependencies": {
        "@pythnetwork/entropy-sdk-solidity": "^2.0.0",
        "@pythnetwork/pyth-sdk-solidity": "^4.1.0"
      },
      "devDependencies": {}
    },
    "node_modules/@pythnetwork/entropy-sdk-solidity": {
      "version": "2.0.0",
      "resolved": "https://registry.npmjs.org/@pythnetwork/entropy-sdk-solidity/-/entropy-sdk-solidity-2.0.0.tgz",
      "integrity": "sha512-VgxSax4e58skgffYrHkd6V0dSR8jxzpoY2ugLJJTxavyBYfPncrirwg+WzuknUa0bFmeCE3G335nWSZbJDOjVQ=="
    },
    "node_modules/@pythnetwork/pyth-sdk-solidity": {
      "version": "4.1.0",
      "resolved": "https://registry.npmjs.org/@pythnetwork/pyth-sdk-solidity/-/pyth-sdk-solidity-4.1.0.tgz",
      "integrity": "sha512-SPqaWH1fKwYbdTsyTLGuSqCYDEEgCXw0SFW0KaOFRgzcGYcdZY/DYWhedCzFNb9lY/1RTk+ucgTtxO5e3Z1fIg=="
    }
  }
}
